
Microsoft Visual Studio Solution File, Format Version 12.00
# Visual Studio 15
VisualStudioVersion = 15.0.28307.645
MinimumVisualStudioVersion = 10.0.40219.1
Project("{2150E333-8FDC-42A3-9474-1A3956D46DE8}") = "1. Presentation", "1. Presentation", "{2343EF29-07F1-4344-8829-825E9E5142C4}"
EndProject
Project("{2150E333-8FDC-42A3-9474-1A3956D46DE8}") = "2. Domain", "2. Domain", "{522B2737-3CAF-4D34-814E-DDFBA9B46508}"
EndProject
Project("{9A19103F-16F7-4668-BE54-9A1E7A4F7556}") = "Azul.Recife.Microservices.Domain", "Azul.Recife.Microservices.Domain\Azul.Recife.Microservices.Domain.csproj", "{C38ACB9F-03DD-4EB0-B03D-C44291F35E2A}"
EndProject
Project("{9A19103F-16F7-4668-BE54-9A1E7A4F7556}") = "Azul.Recife.Microservices.Api", "Azul.Recife.Microservices.Api\Azul.Recife.Microservices.Api.csproj", "{2F8E9940-E2B6-414F-9239-562EF3725DB7}"
EndProject
Project("{2150E333-8FDC-42A3-9474-1A3956D46DE8}") = "3. Infrastructure", "3. Infrastructure", "{671A2BC7-FE5C-451D-947A-0D807F50B908}"
EndProject
Project("{9A19103F-16F7-4668-BE54-9A1E7A4F7556}") = "Azul.Recife.Microservices.Services", "Azul.Recife.Microservices.Services\Azul.Recife.Microservices.Services.csproj", "{CF8C996C-0100-4950-8D57-A22D3B098611}"
EndProject
Project("{9A19103F-16F7-4668-BE54-9A1E7A4F7556}") = "Azul.Recife.Microservices.Data", "Azul.Recife.Microservices.Data\Azul.Recife.Microservices.Data.csproj", "{796F41FC-4A86-43A2-86C4-17FEAB12D485}"
EndProject
Project("{2150E333-8FDC-42A3-9474-1A3956D46DE8}") = "4. CrossCutting", "4. CrossCutting", "{DB7AFE78-D904-431C-9193-8333955C38DD}"
EndProject
Project("{2150E333-8FDC-42A3-9474-1A3956D46DE8}") = "5. Tests", "5. Tests", "{61D7A493-2526-48CA-AFA5-AFFB1DC56A8F}"
EndProject
Project("{9A19103F-16F7-4668-BE54-9A1E7A4F7556}") = "Azul.Recife.Microservices.Tests", "Azul.Recife.Microservices.Tests\Azul.Recife.Microservices.Tests.csproj", "{3D1400C2-880B-4101-B3D7-580C73E54720}"
EndProject
Project("{FAE04EC0-301F-11D3-BF4B-00C04F79EFBC}") = "Azul.Recife.Microservices.Publishers", "Azul.Recife.Microservices.Publishers\Azul.Recife.Microservices.Publishers.csproj", "{1145DF9D-EA6A-4709-97A9-585E83A34E39}"
EndProject
Project("{FAE04EC0-301F-11D3-BF4B-00C04F79EFBC}") = "Azul.Recife.Microservices.Subscribers", "Azul.Recife.Microservices.Subscribers\Azul.Recife.Microservices.Subscribers.csproj", "{FBB9E865-BE2B-41B2-8F10-EC79D0DE384B}"
EndProject
Project("{FAE04EC0-301F-11D3-BF4B-00C04F79EFBC}") = "Azul.Recife.Microservices.Exceptions", "Azul.Recife.Microservices.Exceptions\Azul.Recife.Microservices.Exceptions.csproj", "{2FB650F3-5DD6-4123-AD44-CEA58B4D924D}"
EndProject
Global
	GlobalSection(SolutionConfigurationPlatforms) = preSolution
		Debug|Any CPU = Debug|Any CPU
		Release|Any CPU = Release|Any CPU
	EndGlobalSection
	GlobalSection(ProjectConfigurationPlatforms) = postSolution
		{C38ACB9F-03DD-4EB0-B03D-C44291F35E2A}.Debug|Any CPU.ActiveCfg = Debug|Any CPU
		{C38ACB9F-03DD-4EB0-B03D-C44291F35E2A}.Debug|Any CPU.Build.0 = Debug|Any CPU
		{C38ACB9F-03DD-4EB0-B03D-C44291F35E2A}.Release|Any CPU.ActiveCfg = Release|Any CPU
		{C38ACB9F-03DD-4EB0-B03D-C44291F35E2A}.Release|Any CPU.Build.0 = Release|Any CPU
		{2F8E9940-E2B6-414F-9239-562EF3725DB7}.Debug|Any CPU.ActiveCfg = Debug|Any CPU
		{2F8E9940-E2B6-414F-9239-562EF3725DB7}.Debug|Any CPU.Build.0 = Debug|Any CPU
		{2F8E9940-E2B6-414F-9239-562EF3725DB7}.Release|Any CPU.ActiveCfg = Release|Any CPU
		{2F8E9940-E2B6-414F-9239-562EF3725DB7}.Release|Any CPU.Build.0 = Release|Any CPU
		{CF8C996C-0100-4950-8D57-A22D3B098611}.Debug|Any CPU.ActiveCfg = Debug|Any CPU
		{CF8C996C-0100-4950-8D57-A22D3B098611}.Debug|Any CPU.Build.0 = Debug|Any CPU
		{CF8C996C-0100-4950-8D57-A22D3B098611}.Release|Any CPU.ActiveCfg = Release|Any CPU
		{CF8C996C-0100-4950-8D57-A22D3B098611}.Release|Any CPU.Build.0 = Release|Any CPU
		{796F41FC-4A86-43A2-86C4-17FEAB12D485}.Debug|Any CPU.ActiveCfg = Debug|Any CPU
		{796F41FC-4A86-43A2-86C4-17FEAB12D485}.Debug|Any CPU.Build.0 = Debug|Any CPU
		{796F41FC-4A86-43A2-86C4-17FEAB12D485}.Release|Any CPU.ActiveCfg = Release|Any CPU
		{796F41FC-4A86-43A2-86C4-17FEAB12D485}.Release|Any CPU.Build.0 = Release|Any CPU
		{3D1400C2-880B-4101-B3D7-580C73E54720}.Debug|Any CPU.ActiveCfg = Debug|Any CPU
		{3D1400C2-880B-4101-B3D7-580C73E54720}.Debug|Any CPU.Build.0 = Debug|Any CPU
		{3D1400C2-880B-4101-B3D7-580C73E54720}.Release|Any CPU.ActiveCfg = Release|Any CPU
		{3D1400C2-880B-4101-B3D7-580C73E54720}.Release|Any CPU.Build.0 = Release|Any CPU
		{1145DF9D-EA6A-4709-97A9-585E83A34E39}.Debug|Any CPU.ActiveCfg = Debug|Any CPU
		{1145DF9D-EA6A-4709-97A9-585E83A34E39}.Debug|Any CPU.Build.0 = Debug|Any CPU
		{1145DF9D-EA6A-4709-97A9-585E83A34E39}.Release|Any CPU.ActiveCfg = Release|Any CPU
		{1145DF9D-EA6A-4709-97A9-585E83A34E39}.Release|Any CPU.Build.0 = Release|Any CPU
		{FBB9E865-BE2B-41B2-8F10-EC79D0DE384B}.Debug|Any CPU.ActiveCfg = Debug|Any CPU
		{FBB9E865-BE2B-41B2-8F10-EC79D0DE384B}.Debug|Any CPU.Build.0 = Debug|Any CPU
		{FBB9E865-BE2B-41B2-8F10-EC79D0DE384B}.Release|Any CPU.ActiveCfg = Release|Any CPU
		{FBB9E865-BE2B-41B2-8F10-EC79D0DE384B}.Release|Any CPU.Build.0 = Release|Any CPU
		{2FB650F3-5DD6-4123-AD44-CEA58B4D924D}.Debug|Any CPU.ActiveCfg = Debug|Any CPU
		{2FB650F3-5DD6-4123-AD44-CEA58B4D924D}.Debug|Any CPU.Build.0 = Debug|Any CPU
		{2FB650F3-5DD6-4123-AD44-CEA58B4D924D}.Release|Any CPU.ActiveCfg = Release|Any CPU
		{2FB650F3-5DD6-4123-AD44-CEA58B4D924D}.Release|Any CPU.Build.0 = Release|Any CPU
	EndGlobalSection
	GlobalSection(SolutionProperties) = preSolution
		HideSolutionNode = FALSE
	EndGlobalSection
	GlobalSection(NestedProjects) = preSolution
		{C38ACB9F-03DD-4EB0-B03D-C44291F35E2A} = {522B2737-3CAF-4D34-814E-DDFBA9B46508}
		{2F8E9940-E2B6-414F-9239-562EF3725DB7} = {2343EF29-07F1-4344-8829-825E9E5142C4}
		{CF8C996C-0100-4950-8D57-A22D3B098611} = {671A2BC7-FE5C-451D-947A-0D807F50B908}
		{796F41FC-4A86-43A2-86C4-17FEAB12D485} = {671A2BC7-FE5C-451D-947A-0D807F50B908}
		{3D1400C2-880B-4101-B3D7-580C73E54720} = {61D7A493-2526-48CA-AFA5-AFFB1DC56A8F}
		{1145DF9D-EA6A-4709-97A9-585E83A34E39} = {671A2BC7-FE5C-451D-947A-0D807F50B908}
		{FBB9E865-BE2B-41B2-8F10-EC79D0DE384B} = {671A2BC7-FE5C-451D-947A-0D807F50B908}
		{2FB650F3-5DD6-4123-AD44-CEA58B4D924D} = {DB7AFE78-D904-431C-9193-8333955C38DD}
	EndGlobalSection
	GlobalSection(ExtensibilityGlobals) = postSolution
		SolutionGuid = {3A97D7AE-3F18-47B9-8F80-CFE4CC5BE3BC}
	EndGlobalSection
EndGlobal
